
Microsoft Visual Studio Solution File, Format Version 12.00
# Visual Studio 15
VisualStudioVersion = 15.0.27705.2000
MinimumVisualStudioVersion = 10.0.40219.1
Project("{9A19103F-16F7-4668-BE54-9A1E7A4F7556}") = "EifelMono.ScanCodeAnalyzer", "EifelMono.ScanCodeAnalyzer\EifelMono.ScanCodeAnalyzer.csproj", "{42C379FD-BE21-4975-85DF-AF1FA2A7CC08}"
EndProject
Project("{9A19103F-16F7-4668-BE54-9A1E7A4F7556}") = "EifelMono.ScanCodeAnalyzer.Test", "EifelMono.ScanCodeAnalyzer.Test\EifelMono.ScanCodeAnalyzer.Test.csproj", "{5429C115-B44A-4142-9878-3606D5F5325D}"
EndProject
Project("{2150E333-8FDC-42A3-9474-1A3956D46DE8}") = "Solution Items", "Solution Items", "{B6B04448-DAE3-464D-85FA-074C68B73D4C}"
	ProjectSection(SolutionItems) = preProject
		.editorconfig = .editorconfig
		README.md = README.md
	EndProjectSection
EndProject
Project("{2150E333-8FDC-42A3-9474-1A3956D46DE8}") = "Test", "Test", "{09229AF3-41E2-4331-B6A8-7267B2D645A8}"
EndProject
Project("{2150E333-8FDC-42A3-9474-1A3956D46DE8}") = "TestApp", "TestApp", "{31DA30DD-0DC5-4700-A8A2-B81B48C174AB}"
EndProject
Project("{FAE04EC0-301F-11D3-BF4B-00C04F79EFBC}") = "TestApp.Android", "TestApp\TestApp.Android\TestApp.Android.csproj", "{A3E0A80B-0F0F-44F5-B9D6-8AE26391AEE2}"
EndProject
Project("{FAE04EC0-301F-11D3-BF4B-00C04F79EFBC}") = "TestApp.iOS", "TestApp\TestApp.iOS\TestApp.iOS.csproj", "{08E1807B-4947-4139-B40E-5509C53A8A48}"
EndProject
Project("{FAE04EC0-301F-11D3-BF4B-00C04F79EFBC}") = "TestApp.UWP", "TestApp\TestApp.UWP\TestApp.UWP.csproj", "{55718664-AF55-4BA9-82DF-14E81D9117ED}"
EndProject
Project("{D954291E-2A0B-460D-934E-DC6B0785DB48}") = "TestApp", "TestApp\TestApp\TestApp.shproj", "{5AFB70CC-3332-4076-B246-B978C039C268}"
EndProject
Project("{FAE04EC0-301F-11D3-BF4B-00C04F79EFBC}") = "TestApp.WPF", "TestApp\TestApp.WPF\TestApp.WPF.csproj", "{62B78C43-A844-4A20-8E74-B53CCFA94846}"
EndProject
Project("{FAE04EC0-301F-11D3-BF4B-00C04F79EFBC}") = "TestApp.MacOS", "TestApp\TestApp.MacOS\TestApp.MacOS.csproj", "{5C68784B-47CA-4DCB-9609-0A2F759B2EFD}"
EndProject
Project("{2150E333-8FDC-42A3-9474-1A3956D46DE8}") = "Tests", "Tests", "{4506C155-2556-42E6-91FB-969BED23DBFB}"
EndProject
Project("{D954291E-2A0B-460D-934E-DC6B0785DB48}") = "TestSamples", "TestSamples\TestSamples.shproj", "{A5E26AE9-D2B9-418D-86A1-A294C7DEA7A1}"
EndProject
Project("{9A19103F-16F7-4668-BE54-9A1E7A4F7556}") = "EifelMono.Core", "EifelMono.Core\EifelMono.Core\EifelMono.Core.csproj", "{36D9C390-C23B-4478-9FDB-4630F16349D7}"
EndProject
Project("{2150E333-8FDC-42A3-9474-1A3956D46DE8}") = "EifeMono.Core", "EifeMono.Core", "{8BECBB09-501D-4C71-9642-474D59EFA499}"
EndProject
Global
	GlobalSection(SharedMSBuildProjectFiles) = preSolution
		TestApp\TestApp\TestApp.projitems*{08e1807b-4947-4139-b40e-5509c53a8a48}*SharedItemsImports = 4
		TestSamples\TestSamples.projitems*{08e1807b-4947-4139-b40e-5509c53a8a48}*SharedItemsImports = 4
		TestApp\TestApp\TestApp.projitems*{55718664-af55-4ba9-82df-14e81d9117ed}*SharedItemsImports = 4
		TestSamples\TestSamples.projitems*{55718664-af55-4ba9-82df-14e81d9117ed}*SharedItemsImports = 4
		TestApp\TestApp\TestApp.projitems*{5afb70cc-3332-4076-b246-b978c039c268}*SharedItemsImports = 13
		TestApp\TestApp\TestApp.projitems*{5c68784b-47ca-4dcb-9609-0a2f759b2efd}*SharedItemsImports = 4
		TestApp\TestApp\TestApp.projitems*{62b78c43-a844-4a20-8e74-b53ccfa94846}*SharedItemsImports = 4
		TestSamples\TestSamples.projitems*{62b78c43-a844-4a20-8e74-b53ccfa94846}*SharedItemsImports = 4
		TestApp\TestApp\TestApp.projitems*{a3e0a80b-0f0f-44f5-b9d6-8ae26391aee2}*SharedItemsImports = 4
		TestSamples\TestSamples.projitems*{a3e0a80b-0f0f-44f5-b9d6-8ae26391aee2}*SharedItemsImports = 4
		TestSamples\TestSamples.projitems*{a5e26ae9-d2b9-418d-86a1-a294c7dea7a1}*SharedItemsImports = 13
	EndGlobalSection
	GlobalSection(SolutionConfigurationPlatforms) = preSolution
		Ad-Hoc|Any CPU = Ad-Hoc|Any CPU
		Ad-Hoc|ARM = Ad-Hoc|ARM
		Ad-Hoc|iPhone = Ad-Hoc|iPhone
		Ad-Hoc|iPhoneSimulator = Ad-Hoc|iPhoneSimulator
		Ad-Hoc|x64 = Ad-Hoc|x64
		Ad-Hoc|x86 = Ad-Hoc|x86
		AppStore|Any CPU = AppStore|Any CPU
		AppStore|ARM = AppStore|ARM
		AppStore|iPhone = AppStore|iPhone
		AppStore|iPhoneSimulator = AppStore|iPhoneSimulator
		AppStore|x64 = AppStore|x64
		AppStore|x86 = AppStore|x86
		Debug|Any CPU = Debug|Any CPU
		Debug|ARM = Debug|ARM
		Debug|iPhone = Debug|iPhone
		Debug|iPhoneSimulator = Debug|iPhoneSimulator
		Debug|x64 = Debug|x64
		Debug|x86 = Debug|x86
		Release|Any CPU = Release|Any CPU
		Release|ARM = Release|ARM
		Release|iPhone = Release|iPhone
		Release|iPhoneSimulator = Release|iPhoneSimulator
		Release|x64 = Release|x64
		Release|x86 = Release|x86
	EndGlobalSection
	GlobalSection(ProjectConfigurationPlatforms) = postSolution
		{42C379FD-BE21-4975-85DF-AF1FA2A7CC08}.Ad-Hoc|Any CPU.ActiveCfg = Release|Any CPU
		{42C379FD-BE21-4975-85DF-AF1FA2A7CC08}.Ad-Hoc|Any CPU.Build.0 = Release|Any CPU
		{42C379FD-BE21-4975-85DF-AF1FA2A7CC08}.Ad-Hoc|ARM.ActiveCfg = Release|Any CPU
		{42C379FD-BE21-4975-85DF-AF1FA2A7CC08}.Ad-Hoc|ARM.Build.0 = Release|Any CPU
		{42C379FD-BE21-4975-85DF-AF1FA2A7CC08}.Ad-Hoc|iPhone.ActiveCfg = Release|Any CPU
		{42C379FD-BE21-4975-85DF-AF1FA2A7CC08}.Ad-Hoc|iPhone.Build.0 = Release|Any CPU
		{42C379FD-BE21-4975-85DF-AF1FA2A7CC08}.Ad-Hoc|iPhoneSimulator.ActiveCfg = Release|Any CPU
		{42C379FD-BE21-4975-85DF-AF1FA2A7CC08}.Ad-Hoc|iPhoneSimulator.Build.0 = Release|Any CPU
		{42C379FD-BE21-4975-85DF-AF1FA2A7CC08}.Ad-Hoc|x64.ActiveCfg = Release|Any CPU
		{42C379FD-BE21-4975-85DF-AF1FA2A7CC08}.Ad-Hoc|x64.Build.0 = Release|Any CPU
		{42C379FD-BE21-4975-85DF-AF1FA2A7CC08}.Ad-Hoc|x86.ActiveCfg = Release|Any CPU
		{42C379FD-BE21-4975-85DF-AF1FA2A7CC08}.Ad-Hoc|x86.Build.0 = Release|Any CPU
		{42C379FD-BE21-4975-85DF-AF1FA2A7CC08}.AppStore|Any CPU.ActiveCfg = Release|Any CPU
		{42C379FD-BE21-4975-85DF-AF1FA2A7CC08}.AppStore|Any CPU.Build.0 = Release|Any CPU
		{42C379FD-BE21-4975-85DF-AF1FA2A7CC08}.AppStore|ARM.ActiveCfg = Release|Any CPU
		{42C379FD-BE21-4975-85DF-AF1FA2A7CC08}.AppStore|ARM.Build.0 = Release|Any CPU
		{42C379FD-BE21-4975-85DF-AF1FA2A7CC08}.AppStore|iPhone.ActiveCfg = Release|Any CPU
		{42C379FD-BE21-4975-85DF-AF1FA2A7CC08}.AppStore|iPhone.Build.0 = Release|Any CPU
		{42C379FD-BE21-4975-85DF-AF1FA2A7CC08}.AppStore|iPhoneSimulator.ActiveCfg = Release|Any CPU
		{42C379FD-BE21-4975-85DF-AF1FA2A7CC08}.AppStore|iPhoneSimulator.Build.0 = Release|Any CPU
		{42C379FD-BE21-4975-85DF-AF1FA2A7CC08}.AppStore|x64.ActiveCfg = Release|Any CPU
		{42C379FD-BE21-4975-85DF-AF1FA2A7CC08}.AppStore|x64.Build.0 = Release|Any CPU
		{42C379FD-BE21-4975-85DF-AF1FA2A7CC08}.AppStore|x86.ActiveCfg = Release|Any CPU
		{42C379FD-BE21-4975-85DF-AF1FA2A7CC08}.AppStore|x86.Build.0 = Release|Any CPU
		{42C379FD-BE21-4975-85DF-AF1FA2A7CC08}.Debug|Any CPU.ActiveCfg = Debug|Any CPU
		{42C379FD-BE21-4975-85DF-AF1FA2A7CC08}.Debug|Any CPU.Build.0 = Debug|Any CPU
		{42C379FD-BE21-4975-85DF-AF1FA2A7CC08}.Debug|ARM.ActiveCfg = Debug|Any CPU
		{42C379FD-BE21-4975-85DF-AF1FA2A7CC08}.Debug|ARM.Build.0 = Debug|Any CPU
		{42C379FD-BE21-4975-85DF-AF1FA2A7CC08}.Debug|iPhone.ActiveCfg = Debug|Any CPU
		{42C379FD-BE21-4975-85DF-AF1FA2A7CC08}.Debug|iPhone.Build.0 = Debug|Any CPU
		{42C379FD-BE21-4975-85DF-AF1FA2A7CC08}.Debug|iPhoneSimulator.ActiveCfg = Debug|Any CPU
		{42C379FD-BE21-4975-85DF-AF1FA2A7CC08}.Debug|iPhoneSimulator.Build.0 = Debug|Any CPU
		{42C379FD-BE21-4975-85DF-AF1FA2A7CC08}.Debug|x64.ActiveCfg = Debug|Any CPU
		{42C379FD-BE21-4975-85DF-AF1FA2A7CC08}.Debug|x64.Build.0 = Debug|Any CPU
		{42C379FD-BE21-4975-85DF-AF1FA2A7CC08}.Debug|x86.ActiveCfg = Debug|Any CPU
		{42C379FD-BE21-4975-85DF-AF1FA2A7CC08}.Debug|x86.Build.0 = Debug|Any CPU
		{42C379FD-BE21-4975-85DF-AF1FA2A7CC08}.Release|Any CPU.ActiveCfg = Release|Any CPU
		{42C379FD-BE21-4975-85DF-AF1FA2A7CC08}.Release|Any CPU.Build.0 = Release|Any CPU
		{42C379FD-BE21-4975-85DF-AF1FA2A7CC08}.Release|ARM.ActiveCfg = Release|Any CPU
		{42C379FD-BE21-4975-85DF-AF1FA2A7CC08}.Release|ARM.Build.0 = Release|Any CPU
		{42C379FD-BE21-4975-85DF-AF1FA2A7CC08}.Release|iPhone.ActiveCfg = Release|Any CPU
		{42C379FD-BE21-4975-85DF-AF1FA2A7CC08}.Release|iPhone.Build.0 = Release|Any CPU
		{42C379FD-BE21-4975-85DF-AF1FA2A7CC08}.Release|iPhoneSimulator.ActiveCfg = Release|Any CPU
		{42C379FD-BE21-4975-85DF-AF1FA2A7CC08}.Release|iPhoneSimulator.Build.0 = Release|Any CPU
		{42C379FD-BE21-4975-85DF-AF1FA2A7CC08}.Release|x64.ActiveCfg = Release|Any CPU
		{42C379FD-BE21-4975-85DF-AF1FA2A7CC08}.Release|x64.Build.0 = Release|Any CPU
		{42C379FD-BE21-4975-85DF-AF1FA2A7CC08}.Release|x86.ActiveCfg = Release|Any CPU
		{42C379FD-BE21-4975-85DF-AF1FA2A7CC08}.Release|x86.Build.0 = Release|Any CPU
		{5429C115-B44A-4142-9878-3606D5F5325D}.Ad-Hoc|Any CPU.ActiveCfg = Release|Any CPU
		{5429C115-B44A-4142-9878-3606D5F5325D}.Ad-Hoc|Any CPU.Build.0 = Release|Any CPU
		{5429C115-B44A-4142-9878-3606D5F5325D}.Ad-Hoc|ARM.ActiveCfg = Release|Any CPU
		{5429C115-B44A-4142-9878-3606D5F5325D}.Ad-Hoc|ARM.Build.0 = Release|Any CPU
		{5429C115-B44A-4142-9878-3606D5F5325D}.Ad-Hoc|iPhone.ActiveCfg = Release|Any CPU
		{5429C115-B44A-4142-9878-3606D5F5325D}.Ad-Hoc|iPhone.Build.0 = Release|Any CPU
		{5429C115-B44A-4142-9878-3606D5F5325D}.Ad-Hoc|iPhoneSimulator.ActiveCfg = Release|Any CPU
		{5429C115-B44A-4142-9878-3606D5F5325D}.Ad-Hoc|iPhoneSimulator.Build.0 = Release|Any CPU
		{5429C115-B44A-4142-9878-3606D5F5325D}.Ad-Hoc|x64.ActiveCfg = Release|Any CPU
		{5429C115-B44A-4142-9878-3606D5F5325D}.Ad-Hoc|x64.Build.0 = Release|Any CPU
		{5429C115-B44A-4142-9878-3606D5F5325D}.Ad-Hoc|x86.ActiveCfg = Release|Any CPU
		{5429C115-B44A-4142-9878-3606D5F5325D}.Ad-Hoc|x86.Build.0 = Release|Any CPU
		{5429C115-B44A-4142-9878-3606D5F5325D}.AppStore|Any CPU.ActiveCfg = Release|Any CPU
		{5429C115-B44A-4142-9878-3606D5F5325D}.AppStore|Any CPU.Build.0 = Release|Any CPU
		{5429C115-B44A-4142-9878-3606D5F5325D}.AppStore|ARM.ActiveCfg = Release|Any CPU
		{5429C115-B44A-4142-9878-3606D5F5325D}.AppStore|ARM.Build.0 = Release|Any CPU
		{5429C115-B44A-4142-9878-3606D5F5325D}.AppStore|iPhone.ActiveCfg = Release|Any CPU
		{5429C115-B44A-4142-9878-3606D5F5325D}.AppStore|iPhone.Build.0 = Release|Any CPU
		{5429C115-B44A-4142-9878-3606D5F5325D}.AppStore|iPhoneSimulator.ActiveCfg = Release|Any CPU
		{5429C115-B44A-4142-9878-3606D5F5325D}.AppStore|iPhoneSimulator.Build.0 = Release|Any CPU
		{5429C115-B44A-4142-9878-3606D5F5325D}.AppStore|x64.ActiveCfg = Release|Any CPU
		{5429C115-B44A-4142-9878-3606D5F5325D}.AppStore|x64.Build.0 = Release|Any CPU
		{5429C115-B44A-4142-9878-3606D5F5325D}.AppStore|x86.ActiveCfg = Release|Any CPU
		{5429C115-B44A-4142-9878-3606D5F5325D}.AppStore|x86.Build.0 = Release|Any CPU
		{5429C115-B44A-4142-9878-3606D5F5325D}.Debug|Any CPU.ActiveCfg = Debug|Any CPU
		{5429C115-B44A-4142-9878-3606D5F5325D}.Debug|Any CPU.Build.0 = Debug|Any CPU
		{5429C115-B44A-4142-9878-3606D5F5325D}.Debug|ARM.ActiveCfg = Debug|Any CPU
		{5429C115-B44A-4142-9878-3606D5F5325D}.Debug|ARM.Build.0 = Debug|Any CPU
		{5429C115-B44A-4142-9878-3606D5F5325D}.Debug|iPhone.ActiveCfg = Debug|Any CPU
		{5429C115-B44A-4142-9878-3606D5F5325D}.Debug|iPhone.Build.0 = Debug|Any CPU
		{5429C115-B44A-4142-9878-3606D5F5325D}.Debug|iPhoneSimulator.ActiveCfg = Debug|Any CPU
		{5429C115-B44A-4142-9878-3606D5F5325D}.Debug|iPhoneSimulator.Build.0 = Debug|Any CPU
		{5429C115-B44A-4142-9878-3606D5F5325D}.Debug|x64.ActiveCfg = Debug|Any CPU
		{5429C115-B44A-4142-9878-3606D5F5325D}.Debug|x64.Build.0 = Debug|Any CPU
		{5429C115-B44A-4142-9878-3606D5F5325D}.Debug|x86.ActiveCfg = Debug|Any CPU
		{5429C115-B44A-4142-9878-3606D5F5325D}.Debug|x86.Build.0 = Debug|Any CPU
		{5429C115-B44A-4142-9878-3606D5F5325D}.Release|Any CPU.ActiveCfg = Release|Any CPU
		{5429C115-B44A-4142-9878-3606D5F5325D}.Release|Any CPU.Build.0 = Release|Any CPU
		{5429C115-B44A-4142-9878-3606D5F5325D}.Release|ARM.ActiveCfg = Release|Any CPU
		{5429C115-B44A-4142-9878-3606D5F5325D}.Release|ARM.Build.0 = Release|Any CPU
		{5429C115-B44A-4142-9878-3606D5F5325D}.Release|iPhone.ActiveCfg = Release|Any CPU
		{5429C115-B44A-4142-9878-3606D5F5325D}.Release|iPhone.Build.0 = Release|Any CPU
		{5429C115-B44A-4142-9878-3606D5F5325D}.Release|iPhoneSimulator.ActiveCfg = Release|Any CPU
		{5429C115-B44A-4142-9878-3606D5F5325D}.Release|iPhoneSimulator.Build.0 = Release|Any CPU
		{5429C115-B44A-4142-9878-3606D5F5325D}.Release|x64.ActiveCfg = Release|Any CPU
		{5429C115-B44A-4142-9878-3606D5F5325D}.Release|x64.Build.0 = Release|Any CPU
		{5429C115-B44A-4142-9878-3606D5F5325D}.Release|x86.ActiveCfg = Release|Any CPU
		{5429C115-B44A-4142-9878-3606D5F5325D}.Release|x86.Build.0 = Release|Any CPU
		{A3E0A80B-0F0F-44F5-B9D6-8AE26391AEE2}.Ad-Hoc|Any CPU.ActiveCfg = Release|Any CPU
		{A3E0A80B-0F0F-44F5-B9D6-8AE26391AEE2}.Ad-Hoc|Any CPU.Build.0 = Release|Any CPU
		{A3E0A80B-0F0F-44F5-B9D6-8AE26391AEE2}.Ad-Hoc|Any CPU.Deploy.0 = Release|Any CPU
		{A3E0A80B-0F0F-44F5-B9D6-8AE26391AEE2}.Ad-Hoc|ARM.ActiveCfg = Release|Any CPU
		{A3E0A80B-0F0F-44F5-B9D6-8AE26391AEE2}.Ad-Hoc|ARM.Build.0 = Release|Any CPU
		{A3E0A80B-0F0F-44F5-B9D6-8AE26391AEE2}.Ad-Hoc|ARM.Deploy.0 = Release|Any CPU
		{A3E0A80B-0F0F-44F5-B9D6-8AE26391AEE2}.Ad-Hoc|iPhone.ActiveCfg = Release|Any CPU
		{A3E0A80B-0F0F-44F5-B9D6-8AE26391AEE2}.Ad-Hoc|iPhone.Build.0 = Release|Any CPU
		{A3E0A80B-0F0F-44F5-B9D6-8AE26391AEE2}.Ad-Hoc|iPhone.Deploy.0 = Release|Any CPU
		{A3E0A80B-0F0F-44F5-B9D6-8AE26391AEE2}.Ad-Hoc|iPhoneSimulator.ActiveCfg = Release|Any CPU
		{A3E0A80B-0F0F-44F5-B9D6-8AE26391AEE2}.Ad-Hoc|iPhoneSimulator.Build.0 = Release|Any CPU
		{A3E0A80B-0F0F-44F5-B9D6-8AE26391AEE2}.Ad-Hoc|iPhoneSimulator.Deploy.0 = Release|Any CPU
		{A3E0A80B-0F0F-44F5-B9D6-8AE26391AEE2}.Ad-Hoc|x64.ActiveCfg = Release|Any CPU
		{A3E0A80B-0F0F-44F5-B9D6-8AE26391AEE2}.Ad-Hoc|x64.Build.0 = Release|Any CPU
		{A3E0A80B-0F0F-44F5-B9D6-8AE26391AEE2}.Ad-Hoc|x64.Deploy.0 = Release|Any CPU
		{A3E0A80B-0F0F-44F5-B9D6-8AE26391AEE2}.Ad-Hoc|x86.ActiveCfg = Release|Any CPU
		{A3E0A80B-0F0F-44F5-B9D6-8AE26391AEE2}.Ad-Hoc|x86.Build.0 = Release|Any CPU
		{A3E0A80B-0F0F-44F5-B9D6-8AE26391AEE2}.Ad-Hoc|x86.Deploy.0 = Release|Any CPU
		{A3E0A80B-0F0F-44F5-B9D6-8AE26391AEE2}.AppStore|Any CPU.ActiveCfg = Release|Any CPU
		{A3E0A80B-0F0F-44F5-B9D6-8AE26391AEE2}.AppStore|Any CPU.Build.0 = Release|Any CPU
		{A3E0A80B-0F0F-44F5-B9D6-8AE26391AEE2}.AppStore|Any CPU.Deploy.0 = Release|Any CPU
		{A3E0A80B-0F0F-44F5-B9D6-8AE26391AEE2}.AppStore|ARM.ActiveCfg = Release|Any CPU
		{A3E0A80B-0F0F-44F5-B9D6-8AE26391AEE2}.AppStore|ARM.Build.0 = Release|Any CPU
		{A3E0A80B-0F0F-44F5-B9D6-8AE26391AEE2}.AppStore|ARM.Deploy.0 = Release|Any CPU
		{A3E0A80B-0F0F-44F5-B9D6-8AE26391AEE2}.AppStore|iPhone.ActiveCfg = Release|Any CPU
		{A3E0A80B-0F0F-44F5-B9D6-8AE26391AEE2}.AppStore|iPhone.Build.0 = Release|Any CPU
		{A3E0A80B-0F0F-44F5-B9D6-8AE26391AEE2}.AppStore|iPhone.Deploy.0 = Release|Any CPU
		{A3E0A80B-0F0F-44F5-B9D6-8AE26391AEE2}.AppStore|iPhoneSimulator.ActiveCfg = Release|Any CPU
		{A3E0A80B-0F0F-44F5-B9D6-8AE26391AEE2}.AppStore|iPhoneSimulator.Build.0 = Release|Any CPU
		{A3E0A80B-0F0F-44F5-B9D6-8AE26391AEE2}.AppStore|iPhoneSimulator.Deploy.0 = Release|Any CPU
		{A3E0A80B-0F0F-44F5-B9D6-8AE26391AEE2}.AppStore|x64.ActiveCfg = Release|Any CPU
		{A3E0A80B-0F0F-44F5-B9D6-8AE26391AEE2}.AppStore|x64.Build.0 = Release|Any CPU
		{A3E0A80B-0F0F-44F5-B9D6-8AE26391AEE2}.AppStore|x64.Deploy.0 = Release|Any CPU
		{A3E0A80B-0F0F-44F5-B9D6-8AE26391AEE2}.AppStore|x86.ActiveCfg = Release|Any CPU
		{A3E0A80B-0F0F-44F5-B9D6-8AE26391AEE2}.AppStore|x86.Build.0 = Release|Any CPU
		{A3E0A80B-0F0F-44F5-B9D6-8AE26391AEE2}.AppStore|x86.Deploy.0 = Release|Any CPU
		{A3E0A80B-0F0F-44F5-B9D6-8AE26391AEE2}.Debug|Any CPU.ActiveCfg = Debug|Any CPU
		{A3E0A80B-0F0F-44F5-B9D6-8AE26391AEE2}.Debug|Any CPU.Build.0 = Debug|Any CPU
		{A3E0A80B-0F0F-44F5-B9D6-8AE26391AEE2}.Debug|Any CPU.Deploy.0 = Debug|Any CPU
		{A3E0A80B-0F0F-44F5-B9D6-8AE26391AEE2}.Debug|ARM.ActiveCfg = Debug|Any CPU
		{A3E0A80B-0F0F-44F5-B9D6-8AE26391AEE2}.Debug|ARM.Build.0 = Debug|Any CPU
		{A3E0A80B-0F0F-44F5-B9D6-8AE26391AEE2}.Debug|ARM.Deploy.0 = Debug|Any CPU
		{A3E0A80B-0F0F-44F5-B9D6-8AE26391AEE2}.Debug|iPhone.ActiveCfg = Debug|Any CPU
		{A3E0A80B-0F0F-44F5-B9D6-8AE26391AEE2}.Debug|iPhone.Build.0 = Debug|Any CPU
		{A3E0A80B-0F0F-44F5-B9D6-8AE26391AEE2}.Debug|iPhone.Deploy.0 = Debug|Any CPU
		{A3E0A80B-0F0F-44F5-B9D6-8AE26391AEE2}.Debug|iPhoneSimulator.ActiveCfg = Debug|Any CPU
		{A3E0A80B-0F0F-44F5-B9D6-8AE26391AEE2}.Debug|iPhoneSimulator.Build.0 = Debug|Any CPU
		{A3E0A80B-0F0F-44F5-B9D6-8AE26391AEE2}.Debug|iPhoneSimulator.Deploy.0 = Debug|Any CPU
		{A3E0A80B-0F0F-44F5-B9D6-8AE26391AEE2}.Debug|x64.ActiveCfg = Debug|Any CPU
		{A3E0A80B-0F0F-44F5-B9D6-8AE26391AEE2}.Debug|x64.Build.0 = Debug|Any CPU
		{A3E0A80B-0F0F-44F5-B9D6-8AE26391AEE2}.Debug|x64.Deploy.0 = Debug|Any CPU
		{A3E0A80B-0F0F-44F5-B9D6-8AE26391AEE2}.Debug|x86.ActiveCfg = Debug|Any CPU
		{A3E0A80B-0F0F-44F5-B9D6-8AE26391AEE2}.Debug|x86.Build.0 = Debug|Any CPU
		{A3E0A80B-0F0F-44F5-B9D6-8AE26391AEE2}.Debug|x86.Deploy.0 = Debug|Any CPU
		{A3E0A80B-0F0F-44F5-B9D6-8AE26391AEE2}.Release|Any CPU.ActiveCfg = Release|Any CPU
		{A3E0A80B-0F0F-44F5-B9D6-8AE26391AEE2}.Release|Any CPU.Build.0 = Release|Any CPU
		{A3E0A80B-0F0F-44F5-B9D6-8AE26391AEE2}.Release|Any CPU.Deploy.0 = Release|Any CPU
		{A3E0A80B-0F0F-44F5-B9D6-8AE26391AEE2}.Release|ARM.ActiveCfg = Release|Any CPU
		{A3E0A80B-0F0F-44F5-B9D6-8AE26391AEE2}.Release|ARM.Build.0 = Release|Any CPU
		{A3E0A80B-0F0F-44F5-B9D6-8AE26391AEE2}.Release|ARM.Deploy.0 = Release|Any CPU
		{A3E0A80B-0F0F-44F5-B9D6-8AE26391AEE2}.Release|iPhone.ActiveCfg = Release|Any CPU
		{A3E0A80B-0F0F-44F5-B9D6-8AE26391AEE2}.Release|iPhone.Build.0 = Release|Any CPU
		{A3E0A80B-0F0F-44F5-B9D6-8AE26391AEE2}.Release|iPhone.Deploy.0 = Release|Any CPU
		{A3E0A80B-0F0F-44F5-B9D6-8AE26391AEE2}.Release|iPhoneSimulator.ActiveCfg = Release|Any CPU
		{A3E0A80B-0F0F-44F5-B9D6-8AE26391AEE2}.Release|iPhoneSimulator.Build.0 = Release|Any CPU
		{A3E0A80B-0F0F-44F5-B9D6-8AE26391AEE2}.Release|iPhoneSimulator.Deploy.0 = Release|Any CPU
		{A3E0A80B-0F0F-44F5-B9D6-8AE26391AEE2}.Release|x64.ActiveCfg = Release|Any CPU
		{A3E0A80B-0F0F-44F5-B9D6-8AE26391AEE2}.Release|x64.Build.0 = Release|Any CPU
		{A3E0A80B-0F0F-44F5-B9D6-8AE26391AEE2}.Release|x64.Deploy.0 = Release|Any CPU
		{A3E0A80B-0F0F-44F5-B9D6-8AE26391AEE2}.Release|x86.ActiveCfg = Release|Any CPU
		{A3E0A80B-0F0F-44F5-B9D6-8AE26391AEE2}.Release|x86.Build.0 = Release|Any CPU
		{A3E0A80B-0F0F-44F5-B9D6-8AE26391AEE2}.Release|x86.Deploy.0 = Release|Any CPU
		{08E1807B-4947-4139-B40E-5509C53A8A48}.Ad-Hoc|Any CPU.ActiveCfg = Ad-Hoc|iPhone
		{08E1807B-4947-4139-B40E-5509C53A8A48}.Ad-Hoc|ARM.ActiveCfg = Ad-Hoc|iPhone
		{08E1807B-4947-4139-B40E-5509C53A8A48}.Ad-Hoc|iPhone.ActiveCfg = Ad-Hoc|iPhone
		{08E1807B-4947-4139-B40E-5509C53A8A48}.Ad-Hoc|iPhone.Build.0 = Ad-Hoc|iPhone
		{08E1807B-4947-4139-B40E-5509C53A8A48}.Ad-Hoc|iPhoneSimulator.ActiveCfg = Ad-Hoc|iPhoneSimulator
		{08E1807B-4947-4139-B40E-5509C53A8A48}.Ad-Hoc|iPhoneSimulator.Build.0 = Ad-Hoc|iPhoneSimulator
		{08E1807B-4947-4139-B40E-5509C53A8A48}.Ad-Hoc|x64.ActiveCfg = Ad-Hoc|iPhone
		{08E1807B-4947-4139-B40E-5509C53A8A48}.Ad-Hoc|x86.ActiveCfg = Ad-Hoc|iPhone
		{08E1807B-4947-4139-B40E-5509C53A8A48}.AppStore|Any CPU.ActiveCfg = AppStore|iPhone
		{08E1807B-4947-4139-B40E-5509C53A8A48}.AppStore|ARM.ActiveCfg = AppStore|iPhone
		{08E1807B-4947-4139-B40E-5509C53A8A48}.AppStore|iPhone.ActiveCfg = AppStore|iPhone
		{08E1807B-4947-4139-B40E-5509C53A8A48}.AppStore|iPhone.Build.0 = AppStore|iPhone
		{08E1807B-4947-4139-B40E-5509C53A8A48}.AppStore|iPhoneSimulator.ActiveCfg = AppStore|iPhoneSimulator
		{08E1807B-4947-4139-B40E-5509C53A8A48}.AppStore|iPhoneSimulator.Build.0 = AppStore|iPhoneSimulator
		{08E1807B-4947-4139-B40E-5509C53A8A48}.AppStore|x64.ActiveCfg = AppStore|iPhone
		{08E1807B-4947-4139-B40E-5509C53A8A48}.AppStore|x86.ActiveCfg = AppStore|iPhone
		{08E1807B-4947-4139-B40E-5509C53A8A48}.Debug|Any CPU.ActiveCfg = Debug|iPhone
		{08E1807B-4947-4139-B40E-5509C53A8A48}.Debug|ARM.ActiveCfg = Debug|iPhone
		{08E1807B-4947-4139-B40E-5509C53A8A48}.Debug|iPhone.ActiveCfg = Debug|iPhone
		{08E1807B-4947-4139-B40E-5509C53A8A48}.Debug|iPhone.Build.0 = Debug|iPhone
		{08E1807B-4947-4139-B40E-5509C53A8A48}.Debug|iPhoneSimulator.ActiveCfg = Debug|iPhoneSimulator
		{08E1807B-4947-4139-B40E-5509C53A8A48}.Debug|iPhoneSimulator.Build.0 = Debug|iPhoneSimulator
		{08E1807B-4947-4139-B40E-5509C53A8A48}.Debug|x64.ActiveCfg = Debug|iPhone
		{08E1807B-4947-4139-B40E-5509C53A8A48}.Debug|x86.ActiveCfg = Debug|iPhone
		{08E1807B-4947-4139-B40E-5509C53A8A48}.Release|Any CPU.ActiveCfg = Release|iPhone
		{08E1807B-4947-4139-B40E-5509C53A8A48}.Release|ARM.ActiveCfg = Release|iPhone
		{08E1807B-4947-4139-B40E-5509C53A8A48}.Release|iPhone.ActiveCfg = Release|iPhone
		{08E1807B-4947-4139-B40E-5509C53A8A48}.Release|iPhone.Build.0 = Release|iPhone
		{08E1807B-4947-4139-B40E-5509C53A8A48}.Release|iPhoneSimulator.ActiveCfg = Release|iPhoneSimulator
		{08E1807B-4947-4139-B40E-5509C53A8A48}.Release|iPhoneSimulator.Build.0 = Release|iPhoneSimulator
		{08E1807B-4947-4139-B40E-5509C53A8A48}.Release|x64.ActiveCfg = Release|iPhone
		{08E1807B-4947-4139-B40E-5509C53A8A48}.Release|x86.ActiveCfg = Release|iPhone
		{55718664-AF55-4BA9-82DF-14E81D9117ED}.Ad-Hoc|Any CPU.ActiveCfg = Release|x86
		{55718664-AF55-4BA9-82DF-14E81D9117ED}.Ad-Hoc|Any CPU.Build.0 = Release|x86
		{55718664-AF55-4BA9-82DF-14E81D9117ED}.Ad-Hoc|Any CPU.Deploy.0 = Release|x86
		{55718664-AF55-4BA9-82DF-14E81D9117ED}.Ad-Hoc|ARM.ActiveCfg = Release|ARM
		{55718664-AF55-4BA9-82DF-14E81D9117ED}.Ad-Hoc|ARM.Build.0 = Release|ARM
		{55718664-AF55-4BA9-82DF-14E81D9117ED}.Ad-Hoc|ARM.Deploy.0 = Release|ARM
		{55718664-AF55-4BA9-82DF-14E81D9117ED}.Ad-Hoc|iPhone.ActiveCfg = Release|x86
		{55718664-AF55-4BA9-82DF-14E81D9117ED}.Ad-Hoc|iPhone.Build.0 = Release|x86
		{55718664-AF55-4BA9-82DF-14E81D9117ED}.Ad-Hoc|iPhone.Deploy.0 = Release|x86
		{55718664-AF55-4BA9-82DF-14E81D9117ED}.Ad-Hoc|iPhoneSimulator.ActiveCfg = Release|x86
		{55718664-AF55-4BA9-82DF-14E81D9117ED}.Ad-Hoc|iPhoneSimulator.Build.0 = Release|x86
		{55718664-AF55-4BA9-82DF-14E81D9117ED}.Ad-Hoc|iPhoneSimulator.Deploy.0 = Release|x86
		{55718664-AF55-4BA9-82DF-14E81D9117ED}.Ad-Hoc|x64.ActiveCfg = Release|x64
		{55718664-AF55-4BA9-82DF-14E81D9117ED}.Ad-Hoc|x64.Build.0 = Release|x64
		{55718664-AF55-4BA9-82DF-14E81D9117ED}.Ad-Hoc|x64.Deploy.0 = Release|x64
		{55718664-AF55-4BA9-82DF-14E81D9117ED}.Ad-Hoc|x86.ActiveCfg = Release|x86
		{55718664-AF55-4BA9-82DF-14E81D9117ED}.Ad-Hoc|x86.Build.0 = Release|x86
		{55718664-AF55-4BA9-82DF-14E81D9117ED}.Ad-Hoc|x86.Deploy.0 = Release|x86
		{55718664-AF55-4BA9-82DF-14E81D9117ED}.AppStore|Any CPU.ActiveCfg = Release|x86
		{55718664-AF55-4BA9-82DF-14E81D9117ED}.AppStore|Any CPU.Build.0 = Release|x86
		{55718664-AF55-4BA9-82DF-14E81D9117ED}.AppStore|Any CPU.Deploy.0 = Release|x86
		{55718664-AF55-4BA9-82DF-14E81D9117ED}.AppStore|ARM.ActiveCfg = Release|ARM
		{55718664-AF55-4BA9-82DF-14E81D9117ED}.AppStore|ARM.Build.0 = Release|ARM
		{55718664-AF55-4BA9-82DF-14E81D9117ED}.AppStore|ARM.Deploy.0 = Release|ARM
		{55718664-AF55-4BA9-82DF-14E81D9117ED}.AppStore|iPhone.ActiveCfg = Release|x86
		{55718664-AF55-4BA9-82DF-14E81D9117ED}.AppStore|iPhone.Build.0 = Release|x86
		{55718664-AF55-4BA9-82DF-14E81D9117ED}.AppStore|iPhone.Deploy.0 = Release|x86
		{55718664-AF55-4BA9-82DF-14E81D9117ED}.AppStore|iPhoneSimulator.ActiveCfg = Release|x86
		{55718664-AF55-4BA9-82DF-14E81D9117ED}.AppStore|iPhoneSimulator.Build.0 = Release|x86
		{55718664-AF55-4BA9-82DF-14E81D9117ED}.AppStore|iPhoneSimulator.Deploy.0 = Release|x86
		{55718664-AF55-4BA9-82DF-14E81D9117ED}.AppStore|x64.ActiveCfg = Release|x64
		{55718664-AF55-4BA9-82DF-14E81D9117ED}.AppStore|x64.Build.0 = Release|x64
		{55718664-AF55-4BA9-82DF-14E81D9117ED}.AppStore|x64.Deploy.0 = Release|x64
		{55718664-AF55-4BA9-82DF-14E81D9117ED}.AppStore|x86.ActiveCfg = Release|x86
		{55718664-AF55-4BA9-82DF-14E81D9117ED}.AppStore|x86.Build.0 = Release|x86
		{55718664-AF55-4BA9-82DF-14E81D9117ED}.AppStore|x86.Deploy.0 = Release|x86
		{55718664-AF55-4BA9-82DF-14E81D9117ED}.Debug|Any CPU.ActiveCfg = Debug|x86
		{55718664-AF55-4BA9-82DF-14E81D9117ED}.Debug|ARM.ActiveCfg = Debug|ARM
		{55718664-AF55-4BA9-82DF-14E81D9117ED}.Debug|ARM.Build.0 = Debug|ARM
		{55718664-AF55-4BA9-82DF-14E81D9117ED}.Debug|ARM.Deploy.0 = Debug|ARM
		{55718664-AF55-4BA9-82DF-14E81D9117ED}.Debug|iPhone.ActiveCfg = Debug|x86
		{55718664-AF55-4BA9-82DF-14E81D9117ED}.Debug|iPhoneSimulator.ActiveCfg = Debug|x86
		{55718664-AF55-4BA9-82DF-14E81D9117ED}.Debug|x64.ActiveCfg = Debug|x64
		{55718664-AF55-4BA9-82DF-14E81D9117ED}.Debug|x64.Build.0 = Debug|x64
		{55718664-AF55-4BA9-82DF-14E81D9117ED}.Debug|x64.Deploy.0 = Debug|x64
		{55718664-AF55-4BA9-82DF-14E81D9117ED}.Debug|x86.ActiveCfg = Debug|x86
		{55718664-AF55-4BA9-82DF-14E81D9117ED}.Debug|x86.Build.0 = Debug|x86
		{55718664-AF55-4BA9-82DF-14E81D9117ED}.Debug|x86.Deploy.0 = Debug|x86
		{55718664-AF55-4BA9-82DF-14E81D9117ED}.Release|Any CPU.ActiveCfg = Release|x86
		{55718664-AF55-4BA9-82DF-14E81D9117ED}.Release|ARM.ActiveCfg = Release|ARM
		{55718664-AF55-4BA9-82DF-14E81D9117ED}.Release|ARM.Build.0 = Release|ARM
		{55718664-AF55-4BA9-82DF-14E81D9117ED}.Release|ARM.Deploy.0 = Release|ARM
		{55718664-AF55-4BA9-82DF-14E81D9117ED}.Release|iPhone.ActiveCfg = Release|x86
		{55718664-AF55-4BA9-82DF-14E81D9117ED}.Release|iPhoneSimulator.ActiveCfg = Release|x86
		{55718664-AF55-4BA9-82DF-14E81D9117ED}.Release|x64.ActiveCfg = Release|x64
		{55718664-AF55-4BA9-82DF-14E81D9117ED}.Release|x64.Build.0 = Release|x64
		{55718664-AF55-4BA9-82DF-14E81D9117ED}.Release|x64.Deploy.0 = Release|x64
		{55718664-AF55-4BA9-82DF-14E81D9117ED}.Release|x86.ActiveCfg = Release|x86
		{55718664-AF55-4BA9-82DF-14E81D9117ED}.Release|x86.Build.0 = Release|x86
		{55718664-AF55-4BA9-82DF-14E81D9117ED}.Release|x86.Deploy.0 = Release|x86
		{62B78C43-A844-4A20-8E74-B53CCFA94846}.Ad-Hoc|Any CPU.ActiveCfg = Release|Any CPU
		{62B78C43-A844-4A20-8E74-B53CCFA94846}.Ad-Hoc|Any CPU.Build.0 = Release|Any CPU
		{62B78C43-A844-4A20-8E74-B53CCFA94846}.Ad-Hoc|ARM.ActiveCfg = Release|Any CPU
		{62B78C43-A844-4A20-8E74-B53CCFA94846}.Ad-Hoc|ARM.Build.0 = Release|Any CPU
		{62B78C43-A844-4A20-8E74-B53CCFA94846}.Ad-Hoc|iPhone.ActiveCfg = Release|Any CPU
		{62B78C43-A844-4A20-8E74-B53CCFA94846}.Ad-Hoc|iPhone.Build.0 = Release|Any CPU
		{62B78C43-A844-4A20-8E74-B53CCFA94846}.Ad-Hoc|iPhoneSimulator.ActiveCfg = Release|Any CPU
		{62B78C43-A844-4A20-8E74-B53CCFA94846}.Ad-Hoc|iPhoneSimulator.Build.0 = Release|Any CPU
		{62B78C43-A844-4A20-8E74-B53CCFA94846}.Ad-Hoc|x64.ActiveCfg = Release|Any CPU
		{62B78C43-A844-4A20-8E74-B53CCFA94846}.Ad-Hoc|x64.Build.0 = Release|Any CPU
		{62B78C43-A844-4A20-8E74-B53CCFA94846}.Ad-Hoc|x86.ActiveCfg = Release|Any CPU
		{62B78C43-A844-4A20-8E74-B53CCFA94846}.Ad-Hoc|x86.Build.0 = Release|Any CPU
		{62B78C43-A844-4A20-8E74-B53CCFA94846}.AppStore|Any CPU.ActiveCfg = Release|Any CPU
		{62B78C43-A844-4A20-8E74-B53CCFA94846}.AppStore|Any CPU.Build.0 = Release|Any CPU
		{62B78C43-A844-4A20-8E74-B53CCFA94846}.AppStore|ARM.ActiveCfg = Release|Any CPU
		{62B78C43-A844-4A20-8E74-B53CCFA94846}.AppStore|ARM.Build.0 = Release|Any CPU
		{62B78C43-A844-4A20-8E74-B53CCFA94846}.AppStore|iPhone.ActiveCfg = Release|Any CPU
		{62B78C43-A844-4A20-8E74-B53CCFA94846}.AppStore|iPhone.Build.0 = Release|Any CPU
		{62B78C43-A844-4A20-8E74-B53CCFA94846}.AppStore|iPhoneSimulator.ActiveCfg = Release|Any CPU
		{62B78C43-A844-4A20-8E74-B53CCFA94846}.AppStore|iPhoneSimulator.Build.0 = Release|Any CPU
		{62B78C43-A844-4A20-8E74-B53CCFA94846}.AppStore|x64.ActiveCfg = Release|Any CPU
		{62B78C43-A844-4A20-8E74-B53CCFA94846}.AppStore|x64.Build.0 = Release|Any CPU
		{62B78C43-A844-4A20-8E74-B53CCFA94846}.AppStore|x86.ActiveCfg = Release|Any CPU
		{62B78C43-A844-4A20-8E74-B53CCFA94846}.AppStore|x86.Build.0 = Release|Any CPU
		{62B78C43-A844-4A20-8E74-B53CCFA94846}.Debug|Any CPU.ActiveCfg = Debug|Any CPU
		{62B78C43-A844-4A20-8E74-B53CCFA94846}.Debug|Any CPU.Build.0 = Debug|Any CPU
		{62B78C43-A844-4A20-8E74-B53CCFA94846}.Debug|ARM.ActiveCfg = Debug|Any CPU
		{62B78C43-A844-4A20-8E74-B53CCFA94846}.Debug|ARM.Build.0 = Debug|Any CPU
		{62B78C43-A844-4A20-8E74-B53CCFA94846}.Debug|iPhone.ActiveCfg = Debug|Any CPU
		{62B78C43-A844-4A20-8E74-B53CCFA94846}.Debug|iPhone.Build.0 = Debug|Any CPU
		{62B78C43-A844-4A20-8E74-B53CCFA94846}.Debug|iPhoneSimulator.ActiveCfg = Debug|Any CPU
		{62B78C43-A844-4A20-8E74-B53CCFA94846}.Debug|iPhoneSimulator.Build.0 = Debug|Any CPU
		{62B78C43-A844-4A20-8E74-B53CCFA94846}.Debug|x64.ActiveCfg = Debug|Any CPU
		{62B78C43-A844-4A20-8E74-B53CCFA94846}.Debug|x64.Build.0 = Debug|Any CPU
		{62B78C43-A844-4A20-8E74-B53CCFA94846}.Debug|x86.ActiveCfg = Debug|Any CPU
		{62B78C43-A844-4A20-8E74-B53CCFA94846}.Debug|x86.Build.0 = Debug|Any CPU
		{62B78C43-A844-4A20-8E74-B53CCFA94846}.Release|Any CPU.ActiveCfg = Release|Any CPU
		{62B78C43-A844-4A20-8E74-B53CCFA94846}.Release|Any CPU.Build.0 = Release|Any CPU
		{62B78C43-A844-4A20-8E74-B53CCFA94846}.Release|ARM.ActiveCfg = Release|Any CPU
		{62B78C43-A844-4A20-8E74-B53CCFA94846}.Release|ARM.Build.0 = Release|Any CPU
		{62B78C43-A844-4A20-8E74-B53CCFA94846}.Release|iPhone.ActiveCfg = Release|Any CPU
		{62B78C43-A844-4A20-8E74-B53CCFA94846}.Release|iPhone.Build.0 = Release|Any CPU
		{62B78C43-A844-4A20-8E74-B53CCFA94846}.Release|iPhoneSimulator.ActiveCfg = Release|Any CPU
		{62B78C43-A844-4A20-8E74-B53CCFA94846}.Release|iPhoneSimulator.Build.0 = Release|Any CPU
		{62B78C43-A844-4A20-8E74-B53CCFA94846}.Release|x64.ActiveCfg = Release|Any CPU
		{62B78C43-A844-4A20-8E74-B53CCFA94846}.Release|x64.Build.0 = Release|Any CPU
		{62B78C43-A844-4A20-8E74-B53CCFA94846}.Release|x86.ActiveCfg = Release|Any CPU
		{62B78C43-A844-4A20-8E74-B53CCFA94846}.Release|x86.Build.0 = Release|Any CPU
		{5C68784B-47CA-4DCB-9609-0A2F759B2EFD}.Ad-Hoc|Any CPU.ActiveCfg = Debug|iPhoneSimulator
		{5C68784B-47CA-4DCB-9609-0A2F759B2EFD}.Ad-Hoc|Any CPU.Build.0 = Debug|iPhoneSimulator
		{5C68784B-47CA-4DCB-9609-0A2F759B2EFD}.Ad-Hoc|ARM.ActiveCfg = Debug|iPhoneSimulator
		{5C68784B-47CA-4DCB-9609-0A2F759B2EFD}.Ad-Hoc|ARM.Build.0 = Debug|iPhoneSimulator
		{5C68784B-47CA-4DCB-9609-0A2F759B2EFD}.Ad-Hoc|iPhone.ActiveCfg = Debug|iPhoneSimulator
		{5C68784B-47CA-4DCB-9609-0A2F759B2EFD}.Ad-Hoc|iPhone.Build.0 = Debug|iPhoneSimulator
		{5C68784B-47CA-4DCB-9609-0A2F759B2EFD}.Ad-Hoc|iPhoneSimulator.ActiveCfg = Debug|iPhoneSimulator
		{5C68784B-47CA-4DCB-9609-0A2F759B2EFD}.Ad-Hoc|iPhoneSimulator.Build.0 = Debug|iPhoneSimulator
		{5C68784B-47CA-4DCB-9609-0A2F759B2EFD}.Ad-Hoc|x64.ActiveCfg = Debug|iPhoneSimulator
		{5C68784B-47CA-4DCB-9609-0A2F759B2EFD}.Ad-Hoc|x64.Build.0 = Debug|iPhoneSimulator
		{5C68784B-47CA-4DCB-9609-0A2F759B2EFD}.Ad-Hoc|x86.ActiveCfg = Debug|iPhoneSimulator
		{5C68784B-47CA-4DCB-9609-0A2F759B2EFD}.Ad-Hoc|x86.Build.0 = Debug|iPhoneSimulator
		{5C68784B-47CA-4DCB-9609-0A2F759B2EFD}.AppStore|Any CPU.ActiveCfg = Debug|iPhoneSimulator
		{5C68784B-47CA-4DCB-9609-0A2F759B2EFD}.AppStore|Any CPU.Build.0 = Debug|iPhoneSimulator
		{5C68784B-47CA-4DCB-9609-0A2F759B2EFD}.AppStore|ARM.ActiveCfg = Debug|iPhoneSimulator
		{5C68784B-47CA-4DCB-9609-0A2F759B2EFD}.AppStore|ARM.Build.0 = Debug|iPhoneSimulator
		{5C68784B-47CA-4DCB-9609-0A2F759B2EFD}.AppStore|iPhone.ActiveCfg = Debug|iPhoneSimulator
		{5C68784B-47CA-4DCB-9609-0A2F759B2EFD}.AppStore|iPhone.Build.0 = Debug|iPhoneSimulator
		{5C68784B-47CA-4DCB-9609-0A2F759B2EFD}.AppStore|iPhoneSimulator.ActiveCfg = Debug|iPhoneSimulator
		{5C68784B-47CA-4DCB-9609-0A2F759B2EFD}.AppStore|iPhoneSimulator.Build.0 = Debug|iPhoneSimulator
		{5C68784B-47CA-4DCB-9609-0A2F759B2EFD}.AppStore|x64.ActiveCfg = Debug|iPhoneSimulator
		{5C68784B-47CA-4DCB-9609-0A2F759B2EFD}.AppStore|x64.Build.0 = Debug|iPhoneSimulator
		{5C68784B-47CA-4DCB-9609-0A2F759B2EFD}.AppStore|x86.ActiveCfg = Debug|iPhoneSimulator
		{5C68784B-47CA-4DCB-9609-0A2F759B2EFD}.AppStore|x86.Build.0 = Debug|iPhoneSimulator
		{5C68784B-47CA-4DCB-9609-0A2F759B2EFD}.Debug|Any CPU.ActiveCfg = Debug|iPhoneSimulator
		{5C68784B-47CA-4DCB-9609-0A2F759B2EFD}.Debug|Any CPU.Build.0 = Debug|iPhoneSimulator
		{5C68784B-47CA-4DCB-9609-0A2F759B2EFD}.Debug|ARM.ActiveCfg = Debug|iPhoneSimulator
		{5C68784B-47CA-4DCB-9609-0A2F759B2EFD}.Debug|ARM.Build.0 = Debug|iPhoneSimulator
		{5C68784B-47CA-4DCB-9609-0A2F759B2EFD}.Debug|iPhone.ActiveCfg = Debug|iPhoneSimulator
		{5C68784B-47CA-4DCB-9609-0A2F759B2EFD}.Debug|iPhone.Build.0 = Debug|iPhoneSimulator
		{5C68784B-47CA-4DCB-9609-0A2F759B2EFD}.Debug|iPhoneSimulator.ActiveCfg = Debug|iPhoneSimulator
		{5C68784B-47CA-4DCB-9609-0A2F759B2EFD}.Debug|iPhoneSimulator.Build.0 = Debug|iPhoneSimulator
		{5C68784B-47CA-4DCB-9609-0A2F759B2EFD}.Debug|x64.ActiveCfg = Debug|iPhoneSimulator
		{5C68784B-47CA-4DCB-9609-0A2F759B2EFD}.Debug|x64.Build.0 = Debug|iPhoneSimulator
		{5C68784B-47CA-4DCB-9609-0A2F759B2EFD}.Debug|x86.ActiveCfg = Debug|iPhoneSimulator
		{5C68784B-47CA-4DCB-9609-0A2F759B2EFD}.Debug|x86.Build.0 = Debug|iPhoneSimulator
		{5C68784B-47CA-4DCB-9609-0A2F759B2EFD}.Release|Any CPU.ActiveCfg = Release|iPhoneSimulator
		{5C68784B-47CA-4DCB-9609-0A2F759B2EFD}.Release|Any CPU.Build.0 = Release|iPhoneSimulator
		{5C68784B-47CA-4DCB-9609-0A2F759B2EFD}.Release|ARM.ActiveCfg = Release|iPhoneSimulator
		{5C68784B-47CA-4DCB-9609-0A2F759B2EFD}.Release|ARM.Build.0 = Release|iPhoneSimulator
		{5C68784B-47CA-4DCB-9609-0A2F759B2EFD}.Release|iPhone.ActiveCfg = Release|iPhoneSimulator
		{5C68784B-47CA-4DCB-9609-0A2F759B2EFD}.Release|iPhone.Build.0 = Release|iPhoneSimulator
		{5C68784B-47CA-4DCB-9609-0A2F759B2EFD}.Release|iPhoneSimulator.ActiveCfg = Release|iPhoneSimulator
		{5C68784B-47CA-4DCB-9609-0A2F759B2EFD}.Release|iPhoneSimulator.Build.0 = Release|iPhoneSimulator
		{5C68784B-47CA-4DCB-9609-0A2F759B2EFD}.Release|x64.ActiveCfg = Release|iPhoneSimulator
		{5C68784B-47CA-4DCB-9609-0A2F759B2EFD}.Release|x64.Build.0 = Release|iPhoneSimulator
		{5C68784B-47CA-4DCB-9609-0A2F759B2EFD}.Release|x86.ActiveCfg = Release|iPhoneSimulator
		{5C68784B-47CA-4DCB-9609-0A2F759B2EFD}.Release|x86.Build.0 = Release|iPhoneSimulator
		{36D9C390-C23B-4478-9FDB-4630F16349D7}.Ad-Hoc|Any CPU.ActiveCfg = Debug|Any CPU
		{36D9C390-C23B-4478-9FDB-4630F16349D7}.Ad-Hoc|Any CPU.Build.0 = Debug|Any CPU
		{36D9C390-C23B-4478-9FDB-4630F16349D7}.Ad-Hoc|ARM.ActiveCfg = Debug|Any CPU
		{36D9C390-C23B-4478-9FDB-4630F16349D7}.Ad-Hoc|ARM.Build.0 = Debug|Any CPU
		{36D9C390-C23B-4478-9FDB-4630F16349D7}.Ad-Hoc|iPhone.ActiveCfg = Debug|Any CPU
		{36D9C390-C23B-4478-9FDB-4630F16349D7}.Ad-Hoc|iPhone.Build.0 = Debug|Any CPU
		{36D9C390-C23B-4478-9FDB-4630F16349D7}.Ad-Hoc|iPhoneSimulator.ActiveCfg = Debug|Any CPU
		{36D9C390-C23B-4478-9FDB-4630F16349D7}.Ad-Hoc|iPhoneSimulator.Build.0 = Debug|Any CPU
		{36D9C390-C23B-4478-9FDB-4630F16349D7}.Ad-Hoc|x64.ActiveCfg = Debug|Any CPU
		{36D9C390-C23B-4478-9FDB-4630F16349D7}.Ad-Hoc|x64.Build.0 = Debug|Any CPU
		{36D9C390-C23B-4478-9FDB-4630F16349D7}.Ad-Hoc|x86.ActiveCfg = Debug|Any CPU
		{36D9C390-C23B-4478-9FDB-4630F16349D7}.Ad-Hoc|x86.Build.0 = Debug|Any CPU
		{36D9C390-C23B-4478-9FDB-4630F16349D7}.AppStore|Any CPU.ActiveCfg = Debug|Any CPU
		{36D9C390-C23B-4478-9FDB-4630F16349D7}.AppStore|Any CPU.Build.0 = Debug|Any CPU
		{36D9C390-C23B-4478-9FDB-4630F16349D7}.AppStore|ARM.ActiveCfg = Debug|Any CPU
		{36D9C390-C23B-4478-9FDB-4630F16349D7}.AppStore|ARM.Build.0 = Debug|Any CPU
		{36D9C390-C23B-4478-9FDB-4630F16349D7}.AppStore|iPhone.ActiveCfg = Debug|Any CPU
		{36D9C390-C23B-4478-9FDB-4630F16349D7}.AppStore|iPhone.Build.0 = Debug|Any CPU
		{36D9C390-C23B-4478-9FDB-4630F16349D7}.AppStore|iPhoneSimulator.ActiveCfg = Debug|Any CPU
		{36D9C390-C23B-4478-9FDB-4630F16349D7}.AppStore|iPhoneSimulator.Build.0 = Debug|Any CPU
		{36D9C390-C23B-4478-9FDB-4630F16349D7}.AppStore|x64.ActiveCfg = Debug|Any CPU
		{36D9C390-C23B-4478-9FDB-4630F16349D7}.AppStore|x64.Build.0 = Debug|Any CPU
		{36D9C390-C23B-4478-9FDB-4630F16349D7}.AppStore|x86.ActiveCfg = Debug|Any CPU
		{36D9C390-C23B-4478-9FDB-4630F16349D7}.AppStore|x86.Build.0 = Debug|Any CPU
		{36D9C390-C23B-4478-9FDB-4630F16349D7}.Debug|Any CPU.ActiveCfg = Debug|Any CPU
		{36D9C390-C23B-4478-9FDB-4630F16349D7}.Debug|Any CPU.Build.0 = Debug|Any CPU
		{36D9C390-C23B-4478-9FDB-4630F16349D7}.Debug|ARM.ActiveCfg = Debug|Any CPU
		{36D9C390-C23B-4478-9FDB-4630F16349D7}.Debug|ARM.Build.0 = Debug|Any CPU
		{36D9C390-C23B-4478-9FDB-4630F16349D7}.Debug|iPhone.ActiveCfg = Debug|Any CPU
		{36D9C390-C23B-4478-9FDB-4630F16349D7}.Debug|iPhone.Build.0 = Debug|Any CPU
		{36D9C390-C23B-4478-9FDB-4630F16349D7}.Debug|iPhoneSimulator.ActiveCfg = Debug|Any CPU
		{36D9C390-C23B-4478-9FDB-4630F16349D7}.Debug|iPhoneSimulator.Build.0 = Debug|Any CPU
		{36D9C390-C23B-4478-9FDB-4630F16349D7}.Debug|x64.ActiveCfg = Debug|Any CPU
		{36D9C390-C23B-4478-9FDB-4630F16349D7}.Debug|x64.Build.0 = Debug|Any CPU
		{36D9C390-C23B-4478-9FDB-4630F16349D7}.Debug|x86.ActiveCfg = Debug|Any CPU
		{36D9C390-C23B-4478-9FDB-4630F16349D7}.Debug|x86.Build.0 = Debug|Any CPU
		{36D9C390-C23B-4478-9FDB-4630F16349D7}.Release|Any CPU.ActiveCfg = Release|Any CPU
		{36D9C390-C23B-4478-9FDB-4630F16349D7}.Release|Any CPU.Build.0 = Release|Any CPU
		{36D9C390-C23B-4478-9FDB-4630F16349D7}.Release|ARM.ActiveCfg = Release|Any CPU
		{36D9C390-C23B-4478-9FDB-4630F16349D7}.Release|ARM.Build.0 = Release|Any CPU
		{36D9C390-C23B-4478-9FDB-4630F16349D7}.Release|iPhone.ActiveCfg = Release|Any CPU
		{36D9C390-C23B-4478-9FDB-4630F16349D7}.Release|iPhone.Build.0 = Release|Any CPU
		{36D9C390-C23B-4478-9FDB-4630F16349D7}.Release|iPhoneSimulator.ActiveCfg = Release|Any CPU
		{36D9C390-C23B-4478-9FDB-4630F16349D7}.Release|iPhoneSimulator.Build.0 = Release|Any CPU
		{36D9C390-C23B-4478-9FDB-4630F16349D7}.Release|x64.ActiveCfg = Release|Any CPU
		{36D9C390-C23B-4478-9FDB-4630F16349D7}.Release|x64.Build.0 = Release|Any CPU
		{36D9C390-C23B-4478-9FDB-4630F16349D7}.Release|x86.ActiveCfg = Release|Any CPU
		{36D9C390-C23B-4478-9FDB-4630F16349D7}.Release|x86.Build.0 = Release|Any CPU
	EndGlobalSection
	GlobalSection(SolutionProperties) = preSolution
		HideSolutionNode = FALSE
	EndGlobalSection
	GlobalSection(NestedProjects) = preSolution
		{5429C115-B44A-4142-9878-3606D5F5325D} = {09229AF3-41E2-4331-B6A8-7267B2D645A8}
		{09229AF3-41E2-4331-B6A8-7267B2D645A8} = {4506C155-2556-42E6-91FB-969BED23DBFB}
		{31DA30DD-0DC5-4700-A8A2-B81B48C174AB} = {4506C155-2556-42E6-91FB-969BED23DBFB}
		{A3E0A80B-0F0F-44F5-B9D6-8AE26391AEE2} = {31DA30DD-0DC5-4700-A8A2-B81B48C174AB}
		{08E1807B-4947-4139-B40E-5509C53A8A48} = {31DA30DD-0DC5-4700-A8A2-B81B48C174AB}
		{55718664-AF55-4BA9-82DF-14E81D9117ED} = {31DA30DD-0DC5-4700-A8A2-B81B48C174AB}
		{5AFB70CC-3332-4076-B246-B978C039C268} = {31DA30DD-0DC5-4700-A8A2-B81B48C174AB}
		{62B78C43-A844-4A20-8E74-B53CCFA94846} = {31DA30DD-0DC5-4700-A8A2-B81B48C174AB}
		{5C68784B-47CA-4DCB-9609-0A2F759B2EFD} = {31DA30DD-0DC5-4700-A8A2-B81B48C174AB}
		{A5E26AE9-D2B9-418D-86A1-A294C7DEA7A1} = {4506C155-2556-42E6-91FB-969BED23DBFB}
		{36D9C390-C23B-4478-9FDB-4630F16349D7} = {8BECBB09-501D-4C71-9642-474D59EFA499}
	EndGlobalSection
	GlobalSection(ExtensibilityGlobals) = postSolution
		SolutionGuid = {E22C5512-28EE-468A-9FB2-649675AEF01A}
	EndGlobalSection
EndGlobal
